<?xml version="1.0" encoding="utf-8"?>
<Project xmlns="http://schemas.microsoft.com/developer/msbuild/2003">
  <ItemGroup>
    <Filter Include="Form Files">
      <UniqueIdentifier>{99349809-55BA-4b9d-BF79-8FDBB0286EB3}</UniqueIdentifier>
      <Extensions>ui</Extensions>
      <ParseFiles>false</ParseFiles>
    </Filter>
    <Filter Include="Form Files">
      <UniqueIdentifier>{99349809-55BA-4b9d-BF79-8FDBB0286EB3}</UniqueIdentifier>
      <Extensions>ui</Extensions>
      <ParseFiles>false</ParseFiles>
    </Filter>
    <Filter Include="Generated Files">
      <UniqueIdentifier>{71ED8ED8-ACB9-4CE9-BBE1-E00B30144E11}</UniqueIdentifier>
      <Extensions>cpp;c;cxx;moc;h;def;odl;idl;res;</Extensions>
    </Filter>
    <Filter Include="Generated Files">
      <UniqueIdentifier>{71ED8ED8-ACB9-4CE9-BBE1-E00B30144E11}</UniqueIdentifier>
      <Extensions>cpp;c;cxx;moc;h;def;odl;idl;res;</Extensions>
    </Filter>
    <Filter Include="Header Files">
      <UniqueIdentifier>{93995380-89BD-4b04-88EB-625FBE52EBFB}</UniqueIdentifier>
      <Extensions>h;hpp;hxx;hm;inl;inc;xsd</Extensions>
    </Filter>
    <Filter Include="Header Files">
      <UniqueIdentifier>{93995380-89BD-4b04-88EB-625FBE52EBFB}</UniqueIdentifier>
      <Extensions>h;hpp;hxx;hm;inl;inc;xsd</Extensions>
    </Filter>
    <Filter Include="Resource Files">
      <UniqueIdentifier>{D9D6E242-F8AF-46E4-B9FD-80ECBC20BA3E}</UniqueIdentifier>
      <Extensions>qrc;*</Extensions>
      <ParseFiles>false</ParseFiles>
    </Filter>
    <Filter Include="Resource Files">
      <UniqueIdentifier>{D9D6E242-F8AF-46E4-B9FD-80ECBC20BA3E}</UniqueIdentifier>
      <Extensions>qrc;*</Extensions>
      <ParseFiles>false</ParseFiles>
    </Filter>
    <Filter Include="Source Files">
      <UniqueIdentifier>{4FC737F1-C7A5-4376-A066-2A32D752A2FF}</UniqueIdentifier>
      <Extensions>cpp;c;cxx;def;odl;idl;hpj;bat;asm;asmx</Extensions>
    </Filter>
    <Filter Include="Source Files">
      <UniqueIdentifier>{4FC737F1-C7A5-4376-A066-2A32D752A2FF}</UniqueIdentifier>
      <Extensions>cpp;c;cxx;def;odl;idl;hpj;bat;asm;asmx</Extensions>
    </Filter>
  </ItemGroup>
  <ItemGroup>
    <ClCompile Include="Windows\Pannel\ACR_E11_Form.cpp">
      <Filter>Source Files</Filter>
    </ClCompile>
    <ClCompile Include="Windows\Pannel\ACR_H53_Form.cpp">
      <Filter>Source Files</Filter>
    </ClCompile>
    <ClCompile Include="Windows\AutoSendConfigWindow.cpp">
      <Filter>Source Files</Filter>
    </ClCompile>
    <ClCompile Include="CustomWidget\DataEdit.cpp">
      <Filter>Source Files</Filter>
    </ClCompile>
    <ClCompile Include="Windows\Pannel\FormBase.cpp">
      <Filter>Source Files</Filter>
    </ClCompile>
    <ClCompile Include="Windows\LoadDBCWindow.cpp">
      <Filter>Source Files</Filter>
    </ClCompile>
    <ClCompile Include="Windows\LoadVariablesWindow.cpp">
      <Filter>Source Files</Filter>
    </ClCompile>
    <ClCompile Include="CustomThread\PerformanceFrequency.cpp">
      <Filter>Source Files</Filter>
    </ClCompile>
    <ClCompile Include="Setting\QAutoMessageConfig.cpp">
      <Filter>Source Files</Filter>
    </ClCompile>
    <ClCompile Include="Library\QCANLibrary.cpp">
      <Filter>Source Files</Filter>
    </ClCompile>
    <ClCompile Include="Setting\QDeviceSettingConfig.cpp">
      <Filter>Source Files</Filter>
    </ClCompile>
    <ClCompile Include="CustomWidget\CheckBox\QDrawerCheckBox.cpp">
      <Filter>Source Files</Filter>
    </ClCompile>
    <ClCompile Include="CustomWidget\TableWidget\QMessageTableWidget.cpp">
      <Filter>Source Files</Filter>
    </ClCompile>
    <ClCompile Include="CustomThread\QReceiveItem.cpp">
      <Filter>Source Files</Filter>
    </ClCompile>
    <ClCompile Include="CustomThread\QReceiveThread.cpp">
      <Filter>Source Files</Filter>
    </ClCompile>
    <ClCompile Include="Setting\QSettingConfigBase.cpp">
      <Filter>Source Files</Filter>
    </ClCompile>
    <ClCompile Include="CustomWidget\Frame\QStackedWidget.cpp">
      <Filter>Source Files</Filter>
    </ClCompile>
    <ClCompile Include="Setting\QSystemVariables.cpp">
      <Filter>Source Files</Filter>
    </ClCompile>
    <ClCompile Include="CustomThread\QThreadBase.cpp">
      <Filter>Source Files</Filter>
    </ClCompile>
    <ClCompile Include="Library\QWidgetLibrary.cpp">
      <Filter>Source Files</Filter>
    </ClCompile>
    <ClCompile Include="CustomWidget\ToolBox.cpp">
      <Filter>Source Files</Filter>
    </ClCompile>
    <ClCompile Include="CustomWidget\ToolPage.cpp">
      <Filter>Source Files</Filter>
    </ClCompile>
    <ClCompile Include="main.cpp">
      <Filter>Source Files</Filter>
    </ClCompile>
    <ClCompile Include="mainwindow.cpp">
      <Filter>Source Files</Filter>
    </ClCompile>
  </ItemGroup>
  <ItemGroup>
    <QtMoc Include="Windows\Pannel\ACR_E11_Form.h">
      <Filter>Header Files</Filter>
    </QtMoc>
    <QtMoc Include="Windows\Pannel\ACR_H53_Form.h">
      <Filter>Header Files</Filter>
    </QtMoc>
    <QtMoc Include="Windows\AutoSendConfigWindow.h">
      <Filter>Header Files</Filter>
    </QtMoc>
    <ClInclude Include="Library\CircinalQueue.h">
      <Filter>Header Files</Filter>
    </ClInclude>
    <QtMoc Include="Data\CustomEnum.h">
      <Filter>Header Files</Filter>
    </QtMoc>
    <QtMoc Include="CustomWidget\DataEdit.h">
      <Filter>Header Files</Filter>
    </QtMoc>
    <QtMoc Include="Windows\Pannel\FormBase.h">
      <Filter>Header Files</Filter>
    </QtMoc>
    <ClInclude Include="Data\FromeStruct.h">
      <Filter>Header Files</Filter>
    </ClInclude>
    <QtMoc Include="Windows\LoadDBCWindow.h">
      <Filter>Header Files</Filter>
    </QtMoc>
    <QtMoc Include="Windows\LoadVariablesWindow.h">
      <Filter>Header Files</Filter>
    </QtMoc>
    <QtMoc Include="CustomThread\PerformanceFrequency.h">
      <Filter>Header Files</Filter>
    </QtMoc>
    <QtMoc Include="Setting\QAutoMessageConfig.h">
      <Filter>Header Files</Filter>
    </QtMoc>
    <QtMoc Include="Library\QCANLibrary.h">
      <Filter>Header Files</Filter>
    </QtMoc>
    <QtMoc Include="Setting\QDeviceSettingConfig.h">
      <Filter>Header Files</Filter>
    </QtMoc>
    <QtMoc Include="CustomWidget\CheckBox\QDrawerCheckBox.h">
      <Filter>Header Files</Filter>
    </QtMoc>
    <QtMoc Include="CustomWidget\TableWidget\QMessageTableWidget.h">
      <Filter>Header Files</Filter>
    </QtMoc>
    <QtMoc Include="CustomThread\QReceiveItem.h">
      <Filter>Header Files</Filter>
    </QtMoc>
    <QtMoc Include="CustomThread\QReceiveThread.h">
      <Filter>Header Files</Filter>
    </QtMoc>
    <QtMoc Include="Setting\QSettingConfigBase.h">
      <Filter>Header Files</Filter>
    </QtMoc>
    <QtMoc Include="CustomWidget\Frame\QStackedWidget.h">
      <Filter>Header Files</Filter>
    </QtMoc>
    <ClInclude Include="Setting\QSystemVariables.h">
      <Filter>Header Files</Filter>
    </ClInclude>
    <QtMoc Include="CustomThread\QThreadBase.h">
      <Filter>Header Files</Filter>
    </QtMoc>
    <ClInclude Include="Library\QWidgetLibrary.h">
      <Filter>Header Files</Filter>
    </ClInclude>
    <QtMoc Include="CustomWidget\ToolBox.h">
      <Filter>Header Files</Filter>
    </QtMoc>
    <QtMoc Include="CustomWidget\ToolPage.h">
      <Filter>Header Files</Filter>
    </QtMoc>
    <ClInclude Include="Data\VariableStruct.h">
      <Filter>Header Files</Filter>
    </ClInclude>
    <QtMoc Include="mainwindow.h">
      <Filter>Header Files</Filter>
    </QtMoc>
  </ItemGroup>
  <ItemGroup>
    
    
    
    
    
    
    
    
    
    
    
    
    
    
    
    
    
    
    
    
    
    
    
    
    
    
    
    
    
    
    
    
    
    
    
    
    
    
    
    
    
    
    
    
    <CustomBuild Include="debug\moc_predefs.h.cbt">
      <Filter>Generated Files</Filter>
    </CustomBuild>
    <CustomBuild Include="release\moc_predefs.h.cbt">
      <Filter>Generated Files</Filter>
    </CustomBuild>
    
    
    
    
    
    
    
    
    
    
    
  </ItemGroup>
  <ItemGroup>
    <QtUic Include="Windows\Pannel\ACR_E11_Form.ui">
      <Filter>Form Files</Filter>
    </QtUic>
    <QtUic Include="Windows\Pannel\ACR_H53_Form.ui">
      <Filter>Form Files</Filter>
    </QtUic>
    <QtUic Include="Windows\AutoSendConfigWindow.ui">
      <Filter>Form Files</Filter>
    </QtUic>
    <QtUic Include="Windows\LoadDBCWindow.ui">
      <Filter>Form Files</Filter>
    </QtUic>
    <QtUic Include="Windows\LoadVariablesWindow.ui">
      <Filter>Form Files</Filter>
    </QtUic>
    <QtUic Include="CustomWidget\Frame\QStackedWidget.ui">
      <Filter>Form Files</Filter>
    </QtUic>
    <QtUic Include="CustomWidget\ToolBox.ui">
      <Filter>Form Files</Filter>
    </QtUic>
    <QtUic Include="CustomWidget\ToolPage.ui">
      <Filter>Form Files</Filter>
    </QtUic>
    <QtUic Include="mainwindow.ui">
      <Filter>Form Files</Filter>
    </QtUic>
  </ItemGroup>
  <ItemGroup>
    <None Include="Resourse\Collapsed.png">
      <Filter>Resource Files</Filter>
    </None>
    <None Include="Resourse\Collapsed_Disable.png">
      <Filter>Resource Files</Filter>
    </None>
    <None Include="Resourse\Expanded.png">
      <Filter>Resource Files</Filter>
    </None>
    <None Include="Resourse\Expanded_Disable.png">
      <Filter>Resource Files</Filter>
    </None>
    <QtRcc Include="Icon.qrc">
      <Filter>Resource Files</Filter>
    </QtRcc>
  </ItemGroup>
</Project>